
Microsoft Visual Studio Solution File, Format Version 12.00
# Visual Studio 15
VisualStudioVersion = 15.0.28307.489
MinimumVisualStudioVersion = 10.0.40219.1
Project("{8BC9CEB8-8B4A-11D0-8D11-00A0C91BC942}") = "Test Area", "Test Area\Test Area.vcxproj", "{A117F39B-2424-49D6-91C5-3A90B2A6DF2E}"
EndProject
Global
	GlobalSection(SolutionConfigurationPlatforms) = preSolution
		Debug|x64 = Debug|x64
		Debug|x86 = Debug|x86
		Release|x64 = Release|x64
		Release|x86 = Release|x86
	EndGlobalSection
	GlobalSection(ProjectConfigurationPlatforms) = postSolution
		{A117F39B-2424-49D6-91C5-3A90B2A6DF2E}.Debug|x64.ActiveCfg = Debug|x64
		{A117F39B-2424-49D6-91C5-3A90B2A6DF2E}.Debug|x64.Build.0 = Debug|x64
		{A117F39B-2424-49D6-91C5-3A90B2A6DF2E}.Debug|x86.ActiveCfg = Debug|Win32
		{A117F39B-2424-49D6-91C5-3A90B2A6DF2E}.Debug|x86.Build.0 = Debug|Win32
		{A117F39B-2424-49D6-91C5-3A90B2A6DF2E}.Release|x64.ActiveCfg = Release|x64
		{A117F39B-2424-49D6-91C5-3A90B2A6DF2E}.Release|x64.Build.0 = Release|x64
		{A117F39B-2424-49D6-91C5-3A90B2A6DF2E}.Release|x86.ActiveCfg = Release|Win32
		{A117F39B-2424-49D6-91C5-3A90B2A6DF2E}.Release|x86.Build.0 = Release|Win32
	EndGlobalSection
	GlobalSection(SolutionProperties) = preSolution
		HideSolutionNode = FALSE
	EndGlobalSection
	GlobalSection(ExtensibilityGlobals) = postSolution
		SolutionGuid = {63748900-6A87-4EDA-B09B-8F90ED34816C}
	EndGlobalSection
EndGlobal
